
Microsoft Visual Studio Solution File, Format Version 12.00
# Visual Studio Version 17
VisualStudioVersion = 17.9.34902.65
MinimumVisualStudioVersion = 10.0.40219.1
Project("{FAE04EC0-301F-11D3-BF4B-00C04F79EFBC}") = "TriangleTypeIdentifier", "TriangleTypeIdentifier\TriangleTypeIdentifier.csproj", "{FA8B2988-F9C1-46F8-840D-6B1E6B6B03D4}"
EndProject
Global
	GlobalSection(SolutionConfigurationPlatforms) = preSolution
		Debug|Any CPU = Debug|Any CPU
		Release|Any CPU = Release|Any CPU
	EndGlobalSection
	GlobalSection(ProjectConfigurationPlatforms) = postSolution
		{FA8B2988-F9C1-46F8-840D-6B1E6B6B03D4}.Debug|Any CPU.ActiveCfg = Debug|Any CPU
		{FA8B2988-F9C1-46F8-840D-6B1E6B6B03D4}.Debug|Any CPU.Build.0 = Debug|Any CPU
		{FA8B2988-F9C1-46F8-840D-6B1E6B6B03D4}.Release|Any CPU.ActiveCfg = Release|Any CPU
		{FA8B2988-F9C1-46F8-840D-6B1E6B6B03D4}.Release|Any CPU.Build.0 = Release|Any CPU
	EndGlobalSection
	GlobalSection(SolutionProperties) = preSolution
		HideSolutionNode = FALSE
	EndGlobalSection
	GlobalSection(ExtensibilityGlobals) = postSolution
		SolutionGuid = {69195DE1-3C9D-4F2B-BAAB-88005BFB63F4}
	EndGlobalSection
EndGlobal
